
Microsoft Visual Studio Solution File, Format Version 12.00
# Visual Studio Version 17
VisualStudioVersion = 17.6.33829.357
MinimumVisualStudioVersion = 10.0.40219.1
Project("{FAE04EC0-301F-11D3-BF4B-00C04F79EFBC}") = "EventCounterConsoleApp", "EventCounterConsoleApp\EventCounterConsoleApp.csproj", "{A79B76E9-486F-4926-A4A5-8CC53714D451}"
EndProject
Project("{FAE04EC0-301F-11D3-BF4B-00C04F79EFBC}") = "EventCounterConsoleApp_UnitTests", "EventCounterConsoleApp_UnitTests\EventCounterConsoleApp_UnitTests.csproj", "{FF4B8010-DB0C-4819-9744-0BE8E51FE68E}"
EndProject
Global
	GlobalSection(SolutionConfigurationPlatforms) = preSolution
		Debug|Any CPU = Debug|Any CPU
		Release|Any CPU = Release|Any CPU
	EndGlobalSection
	GlobalSection(ProjectConfigurationPlatforms) = postSolution
		{A79B76E9-486F-4926-A4A5-8CC53714D451}.Debug|Any CPU.ActiveCfg = Debug|Any CPU
		{A79B76E9-486F-4926-A4A5-8CC53714D451}.Debug|Any CPU.Build.0 = Debug|Any CPU
		{A79B76E9-486F-4926-A4A5-8CC53714D451}.Release|Any CPU.ActiveCfg = Release|Any CPU
		{A79B76E9-486F-4926-A4A5-8CC53714D451}.Release|Any CPU.Build.0 = Release|Any CPU
		{FF4B8010-DB0C-4819-9744-0BE8E51FE68E}.Debug|Any CPU.ActiveCfg = Debug|Any CPU
		{FF4B8010-DB0C-4819-9744-0BE8E51FE68E}.Debug|Any CPU.Build.0 = Debug|Any CPU
		{FF4B8010-DB0C-4819-9744-0BE8E51FE68E}.Release|Any CPU.ActiveCfg = Release|Any CPU
		{FF4B8010-DB0C-4819-9744-0BE8E51FE68E}.Release|Any CPU.Build.0 = Release|Any CPU
	EndGlobalSection
	GlobalSection(SolutionProperties) = preSolution
		HideSolutionNode = FALSE
	EndGlobalSection
	GlobalSection(ExtensibilityGlobals) = postSolution
		SolutionGuid = {ADFA2488-2C49-4BEE-8A70-ED334B10D120}
	EndGlobalSection
EndGlobal
