
Microsoft Visual Studio Solution File, Format Version 12.00
# Visual Studio Version 17
VisualStudioVersion = 17.11.35327.3
MinimumVisualStudioVersion = 10.0.40219.1
Project("{FAE04EC0-301F-11D3-BF4B-00C04F79EFBC}") = "MultipleJustification", "MultipleJustification\MultipleJustification.csproj", "{366882E4-4801-4F27-9F25-E80BCA8545AD}"
EndProject
Project("{FAE04EC0-301F-11D3-BF4B-00C04F79EFBC}") = "MultipleJustificationXUnitTests", "MultipleJustificationXUnitTests\MultipleJustificationXUnitTests.csproj", "{511D5C4E-0FDB-4BD7-81EF-98BAA8F18999}"
EndProject
Global
	GlobalSection(SolutionConfigurationPlatforms) = preSolution
		Debug|Any CPU = Debug|Any CPU
		Release|Any CPU = Release|Any CPU
	EndGlobalSection
	GlobalSection(ProjectConfigurationPlatforms) = postSolution
		{366882E4-4801-4F27-9F25-E80BCA8545AD}.Debug|Any CPU.ActiveCfg = Debug|Any CPU
		{366882E4-4801-4F27-9F25-E80BCA8545AD}.Debug|Any CPU.Build.0 = Debug|Any CPU
		{366882E4-4801-4F27-9F25-E80BCA8545AD}.Release|Any CPU.ActiveCfg = Release|Any CPU
		{366882E4-4801-4F27-9F25-E80BCA8545AD}.Release|Any CPU.Build.0 = Release|Any CPU
		{511D5C4E-0FDB-4BD7-81EF-98BAA8F18999}.Debug|Any CPU.ActiveCfg = Debug|Any CPU
		{511D5C4E-0FDB-4BD7-81EF-98BAA8F18999}.Debug|Any CPU.Build.0 = Debug|Any CPU
		{511D5C4E-0FDB-4BD7-81EF-98BAA8F18999}.Release|Any CPU.ActiveCfg = Release|Any CPU
		{511D5C4E-0FDB-4BD7-81EF-98BAA8F18999}.Release|Any CPU.Build.0 = Release|Any CPU
	EndGlobalSection
	GlobalSection(SolutionProperties) = preSolution
		HideSolutionNode = FALSE
	EndGlobalSection
	GlobalSection(ExtensibilityGlobals) = postSolution
		SolutionGuid = {7A3803C9-2B58-4E13-97E8-4F8F6BE96B6C}
	EndGlobalSection
EndGlobal
